
Microsoft Visual Studio Solution File, Format Version 12.00
# Visual Studio 15
VisualStudioVersion = 15.0.27703.2018
MinimumVisualStudioVersion = 10.0.40219.1
Project("{FAE04EC0-301F-11D3-BF4B-00C04F79EFBC}") = "WFFM.ConversionTool.Console", "src\WFFM.ConversionTool.Console\WFFM.ConversionTool.Console.csproj", "{FF732927-E7CD-4A37-9728-1C865F872C39}"
EndProject
Project("{FAE04EC0-301F-11D3-BF4B-00C04F79EFBC}") = "WFFM.ConversionTool.Library", "src\WFFM.ConversionTool.Library\WFFM.ConversionTool.Library.csproj", "{670AD498-F9F3-45BC-81A5-4C5841249298}"
EndProject
Project("{FAE04EC0-301F-11D3-BF4B-00C04F79EFBC}") = "WFFM.ConversionTool.FormsData", "src\WFFM.ConversionTool.FormsData\WFFM.ConversionTool.FormsData.csproj", "{B114CB85-C56C-430C-8E20-21B61B71F545}"
EndProject
Project("{FAE04EC0-301F-11D3-BF4B-00C04F79EFBC}") = "WFFM.ConversionTool.Utility", "src\WFFM.ConversionTool.Utility\WFFM.ConversionTool.Utility.csproj", "{E9C234F5-3206-4E96-884E-2BE43D12DB07}"
EndProject
Global
	GlobalSection(SolutionConfigurationPlatforms) = preSolution
		Debug|Any CPU = Debug|Any CPU
		Release|Any CPU = Release|Any CPU
	EndGlobalSection
	GlobalSection(ProjectConfigurationPlatforms) = postSolution
		{FF732927-E7CD-4A37-9728-1C865F872C39}.Debug|Any CPU.ActiveCfg = Debug|Any CPU
		{FF732927-E7CD-4A37-9728-1C865F872C39}.Debug|Any CPU.Build.0 = Debug|Any CPU
		{FF732927-E7CD-4A37-9728-1C865F872C39}.Release|Any CPU.ActiveCfg = Release|Any CPU
		{FF732927-E7CD-4A37-9728-1C865F872C39}.Release|Any CPU.Build.0 = Release|Any CPU
		{670AD498-F9F3-45BC-81A5-4C5841249298}.Debug|Any CPU.ActiveCfg = Debug|Any CPU
		{670AD498-F9F3-45BC-81A5-4C5841249298}.Debug|Any CPU.Build.0 = Debug|Any CPU
		{670AD498-F9F3-45BC-81A5-4C5841249298}.Release|Any CPU.ActiveCfg = Release|Any CPU
		{670AD498-F9F3-45BC-81A5-4C5841249298}.Release|Any CPU.Build.0 = Release|Any CPU
		{B114CB85-C56C-430C-8E20-21B61B71F545}.Debug|Any CPU.ActiveCfg = Debug|Any CPU
		{B114CB85-C56C-430C-8E20-21B61B71F545}.Debug|Any CPU.Build.0 = Debug|Any CPU
		{B114CB85-C56C-430C-8E20-21B61B71F545}.Release|Any CPU.ActiveCfg = Release|Any CPU
		{B114CB85-C56C-430C-8E20-21B61B71F545}.Release|Any CPU.Build.0 = Release|Any CPU
		{E9C234F5-3206-4E96-884E-2BE43D12DB07}.Debug|Any CPU.ActiveCfg = Debug|Any CPU
		{E9C234F5-3206-4E96-884E-2BE43D12DB07}.Debug|Any CPU.Build.0 = Debug|Any CPU
		{E9C234F5-3206-4E96-884E-2BE43D12DB07}.Release|Any CPU.ActiveCfg = Release|Any CPU
		{E9C234F5-3206-4E96-884E-2BE43D12DB07}.Release|Any CPU.Build.0 = Release|Any CPU
	EndGlobalSection
	GlobalSection(SolutionProperties) = preSolution
		HideSolutionNode = FALSE
	EndGlobalSection
	GlobalSection(ExtensibilityGlobals) = postSolution
		SolutionGuid = {30DFC773-BB3F-4D98-94A1-7E07A4F3078A}
	EndGlobalSection
EndGlobal
